
Microsoft Visual Studio Solution File, Format Version 12.00
# Visual Studio 2013
VisualStudioVersion = 12.0.31101.0
MinimumVisualStudioVersion = 10.0.40219.1
Project("{FAE04EC0-301F-11D3-BF4B-00C04F79EFBC}") = "Elastacloud.AzureManagement.Fluent", "Elastacloud.AzureManagement.Fluent\Elastacloud.AzureManagement.Fluent.csproj", "{6119D185-70B4-4137-97ED-876A30E0850B}"
EndProject
Project("{FAE04EC0-301F-11D3-BF4B-00C04F79EFBC}") = "Elastacloud.AzureManagement.Fluent.Tests", "Elastacloud.AzureManagement.Fluent.Tests\Elastacloud.AzureManagement.Fluent.Tests.csproj", "{B494A1C5-3612-43AE-BC60-942FCFB2AE7C}"
EndProject
Project("{2150E333-8FDC-42A3-9474-1A3956D46DE8}") = ".nuget", ".nuget", "{610607A7-81E6-449C-903A-CBE4CF5E2493}"
	ProjectSection(SolutionItems) = preProject
		.nuget\NuGet.Config = .nuget\NuGet.Config
		.nuget\NuGet.exe = .nuget\NuGet.exe
		.nuget\NuGet.targets = .nuget\NuGet.targets
	EndProjectSection
EndProject
Project("{FAE04EC0-301F-11D3-BF4B-00C04F79EFBC}") = "Elastacloud.AzureManagement.Fluent.WasabiWeb", "Elastacloud.AzureManagement.Fluent.WasabiWeb\Elastacloud.AzureManagement.Fluent.WasabiWeb.csproj", "{49C338E5-96B8-4923-9804-83AF630655EB}"
EndProject
Project("{FAE04EC0-301F-11D3-BF4B-00C04F79EFBC}") = "Elastacloud.AzureManagement.Fluent.WasabiWeb.Test", "Elastacloud.AzureManagement.Fluent.WasabiWeb.Test\Elastacloud.AzureManagement.Fluent.WasabiWeb.Test.csproj", "{63192470-C086-467A-B195-F955FF3AE531}"
EndProject
Project("{FAE04EC0-301F-11D3-BF4B-00C04F79EFBC}") = "Elastacloud.AzureManagement.ScriptMapper.Linux", "Elastacloud.AzureManagement.ScriptMapper.Linux\Elastacloud.AzureManagement.ScriptMapper.Linux.csproj", "{5224B49E-B6B8-425B-87FC-FE65A7C85E91}"
EndProject
Project("{FAE04EC0-301F-11D3-BF4B-00C04F79EFBC}") = "Elastacloud.AzureManagement.LinuxKeyConverter", "Elastacloud.AzureManagement.LinuxKeyConverter\Elastacloud.AzureManagement.LinuxKeyConverter.csproj", "{A736044F-A7E1-4C3E-81B0-B91E9EF00BE0}"
EndProject
Project("{F2A71F9B-5D33-465A-A702-920D77279786}") = "Elastacloud.FluentManagement.FSTest", "Elastacloud.FluentManagement.FSTest\Elastacloud.FluentManagement.FSTest.fsproj", "{BC487296-4DBE-4D9D-B98D-A0A72961AE64}"
EndProject
Project("{F2A71F9B-5D33-465A-A702-920D77279786}") = "Elastacloud.AzureManagement.Fluent.Utils", "Elastacloud.AzureManagement.Fluent.Utils\Elastacloud.AzureManagement.Fluent.Utils.fsproj", "{C878BBF5-825A-4B9D-851B-1F9461512BFC}"
EndProject
Project("{FAE04EC0-301F-11D3-BF4B-00C04F79EFBC}") = "Elastacloud.AzureManagement.Fluent.Types", "Elastacloud.AzureManagement.Fluent.Types\Elastacloud.AzureManagement.Fluent.Types.csproj", "{07344DF3-FB3E-46FD-ABF4-19D0EAF31C72}"
EndProject
Global
	GlobalSection(SolutionConfigurationPlatforms) = preSolution
		Debug|Any CPU = Debug|Any CPU
		Release|Any CPU = Release|Any CPU
	EndGlobalSection
	GlobalSection(ProjectConfigurationPlatforms) = postSolution
		{6119D185-70B4-4137-97ED-876A30E0850B}.Debug|Any CPU.ActiveCfg = Debug|Any CPU
		{6119D185-70B4-4137-97ED-876A30E0850B}.Debug|Any CPU.Build.0 = Debug|Any CPU
		{6119D185-70B4-4137-97ED-876A30E0850B}.Release|Any CPU.ActiveCfg = Release|Any CPU
		{6119D185-70B4-4137-97ED-876A30E0850B}.Release|Any CPU.Build.0 = Release|Any CPU
		{B494A1C5-3612-43AE-BC60-942FCFB2AE7C}.Debug|Any CPU.ActiveCfg = Debug|Any CPU
		{B494A1C5-3612-43AE-BC60-942FCFB2AE7C}.Debug|Any CPU.Build.0 = Debug|Any CPU
		{B494A1C5-3612-43AE-BC60-942FCFB2AE7C}.Release|Any CPU.ActiveCfg = Release|Any CPU
		{B494A1C5-3612-43AE-BC60-942FCFB2AE7C}.Release|Any CPU.Build.0 = Release|Any CPU
		{49C338E5-96B8-4923-9804-83AF630655EB}.Debug|Any CPU.ActiveCfg = Debug|Any CPU
		{49C338E5-96B8-4923-9804-83AF630655EB}.Debug|Any CPU.Build.0 = Debug|Any CPU
		{49C338E5-96B8-4923-9804-83AF630655EB}.Release|Any CPU.ActiveCfg = Release|Any CPU
		{49C338E5-96B8-4923-9804-83AF630655EB}.Release|Any CPU.Build.0 = Release|Any CPU
		{63192470-C086-467A-B195-F955FF3AE531}.Debug|Any CPU.ActiveCfg = Debug|Any CPU
		{63192470-C086-467A-B195-F955FF3AE531}.Debug|Any CPU.Build.0 = Debug|Any CPU
		{63192470-C086-467A-B195-F955FF3AE531}.Release|Any CPU.ActiveCfg = Release|Any CPU
		{63192470-C086-467A-B195-F955FF3AE531}.Release|Any CPU.Build.0 = Release|Any CPU
		{5224B49E-B6B8-425B-87FC-FE65A7C85E91}.Debug|Any CPU.ActiveCfg = Debug|Any CPU
		{5224B49E-B6B8-425B-87FC-FE65A7C85E91}.Debug|Any CPU.Build.0 = Debug|Any CPU
		{5224B49E-B6B8-425B-87FC-FE65A7C85E91}.Release|Any CPU.ActiveCfg = Release|Any CPU
		{5224B49E-B6B8-425B-87FC-FE65A7C85E91}.Release|Any CPU.Build.0 = Release|Any CPU
		{A736044F-A7E1-4C3E-81B0-B91E9EF00BE0}.Debug|Any CPU.ActiveCfg = Debug|Any CPU
		{A736044F-A7E1-4C3E-81B0-B91E9EF00BE0}.Debug|Any CPU.Build.0 = Debug|Any CPU
		{A736044F-A7E1-4C3E-81B0-B91E9EF00BE0}.Release|Any CPU.ActiveCfg = Release|Any CPU
		{A736044F-A7E1-4C3E-81B0-B91E9EF00BE0}.Release|Any CPU.Build.0 = Release|Any CPU
		{BC487296-4DBE-4D9D-B98D-A0A72961AE64}.Debug|Any CPU.ActiveCfg = Debug|Any CPU
		{BC487296-4DBE-4D9D-B98D-A0A72961AE64}.Debug|Any CPU.Build.0 = Debug|Any CPU
		{BC487296-4DBE-4D9D-B98D-A0A72961AE64}.Release|Any CPU.ActiveCfg = Release|Any CPU
		{BC487296-4DBE-4D9D-B98D-A0A72961AE64}.Release|Any CPU.Build.0 = Release|Any CPU
		{C878BBF5-825A-4B9D-851B-1F9461512BFC}.Debug|Any CPU.ActiveCfg = Debug|Any CPU
		{C878BBF5-825A-4B9D-851B-1F9461512BFC}.Debug|Any CPU.Build.0 = Debug|Any CPU
		{C878BBF5-825A-4B9D-851B-1F9461512BFC}.Release|Any CPU.ActiveCfg = Release|Any CPU
		{C878BBF5-825A-4B9D-851B-1F9461512BFC}.Release|Any CPU.Build.0 = Release|Any CPU
		{07344DF3-FB3E-46FD-ABF4-19D0EAF31C72}.Debug|Any CPU.ActiveCfg = Debug|Any CPU
		{07344DF3-FB3E-46FD-ABF4-19D0EAF31C72}.Debug|Any CPU.Build.0 = Debug|Any CPU
		{07344DF3-FB3E-46FD-ABF4-19D0EAF31C72}.Release|Any CPU.ActiveCfg = Release|Any CPU
		{07344DF3-FB3E-46FD-ABF4-19D0EAF31C72}.Release|Any CPU.Build.0 = Release|Any CPU
	EndGlobalSection
	GlobalSection(SolutionProperties) = preSolution
		HideSolutionNode = FALSE
	EndGlobalSection
EndGlobal
