
Microsoft Visual Studio Solution File, Format Version 12.00
# Visual Studio 2012
Project("{FAE04EC0-301F-11D3-BF4B-00C04F79EFBC}") = "Elastacloud.AzureManagement.Fluent", "Elastacloud.AzureManagement.Fluent\Elastacloud.AzureManagement.Fluent.csproj", "{6119D185-70B4-4137-97ED-876A30E0850B}"
EndProject
Project("{FAE04EC0-301F-11D3-BF4B-00C04F79EFBC}") = "Elastacloud.AzureManagement.Fluent.Tests", "Elastacloud.AzureManagement.Fluent.Tests\Elastacloud.AzureManagement.Fluent.Tests.csproj", "{B494A1C5-3612-43AE-BC60-942FCFB2AE7C}"
EndProject
Project("{FAE04EC0-301F-11D3-BF4B-00C04F79EFBC}") = "Elastacloud.AzureManagement.Fluent.Console", "Elastacloud.AzureManagement.Fluent.Console\Elastacloud.AzureManagement.Fluent.Console.csproj", "{99A2E617-E69B-4482-802D-BE90F64F5B14}"
EndProject
Project("{2150E333-8FDC-42A3-9474-1A3956D46DE8}") = ".nuget", ".nuget", "{610607A7-81E6-449C-903A-CBE4CF5E2493}"
	ProjectSection(SolutionItems) = preProject
		.nuget\NuGet.Config = .nuget\NuGet.Config
		.nuget\NuGet.exe = .nuget\NuGet.exe
		.nuget\NuGet.targets = .nuget\NuGet.targets
	EndProjectSection
EndProject
Project("{FAE04EC0-301F-11D3-BF4B-00C04F79EFBC}") = "Elastacloud.AzureManagement.Fluent.WasabiWeb", "Elastacloud.AzureManagement.Fluent.WasabiWeb\Elastacloud.AzureManagement.Fluent.WasabiWeb.csproj", "{49C338E5-96B8-4923-9804-83AF630655EB}"
EndProject
Global
	GlobalSection(SolutionConfigurationPlatforms) = preSolution
		Debug|Any CPU = Debug|Any CPU
		Release|Any CPU = Release|Any CPU
	EndGlobalSection
	GlobalSection(ProjectConfigurationPlatforms) = postSolution
		{6119D185-70B4-4137-97ED-876A30E0850B}.Debug|Any CPU.ActiveCfg = Debug|Any CPU
		{6119D185-70B4-4137-97ED-876A30E0850B}.Debug|Any CPU.Build.0 = Debug|Any CPU
		{6119D185-70B4-4137-97ED-876A30E0850B}.Release|Any CPU.ActiveCfg = Release|Any CPU
		{6119D185-70B4-4137-97ED-876A30E0850B}.Release|Any CPU.Build.0 = Release|Any CPU
		{B494A1C5-3612-43AE-BC60-942FCFB2AE7C}.Debug|Any CPU.ActiveCfg = Debug|Any CPU
		{B494A1C5-3612-43AE-BC60-942FCFB2AE7C}.Debug|Any CPU.Build.0 = Debug|Any CPU
		{B494A1C5-3612-43AE-BC60-942FCFB2AE7C}.Release|Any CPU.ActiveCfg = Release|Any CPU
		{B494A1C5-3612-43AE-BC60-942FCFB2AE7C}.Release|Any CPU.Build.0 = Release|Any CPU
		{99A2E617-E69B-4482-802D-BE90F64F5B14}.Debug|Any CPU.ActiveCfg = Debug|Any CPU
		{99A2E617-E69B-4482-802D-BE90F64F5B14}.Debug|Any CPU.Build.0 = Debug|Any CPU
		{99A2E617-E69B-4482-802D-BE90F64F5B14}.Release|Any CPU.ActiveCfg = Release|Any CPU
		{99A2E617-E69B-4482-802D-BE90F64F5B14}.Release|Any CPU.Build.0 = Release|Any CPU
		{49C338E5-96B8-4923-9804-83AF630655EB}.Debug|Any CPU.ActiveCfg = Debug|Any CPU
		{49C338E5-96B8-4923-9804-83AF630655EB}.Debug|Any CPU.Build.0 = Debug|Any CPU
		{49C338E5-96B8-4923-9804-83AF630655EB}.Release|Any CPU.ActiveCfg = Release|Any CPU
		{49C338E5-96B8-4923-9804-83AF630655EB}.Release|Any CPU.Build.0 = Release|Any CPU
	EndGlobalSection
	GlobalSection(SolutionProperties) = preSolution
		HideSolutionNode = FALSE
	EndGlobalSection
EndGlobal
